<?xml version="1.0" encoding="UTF-8" standalone="yes" ?>
<CodeBlocks_project_file>
	<FileVersion major="1" minor="6" />
	<Project>
		<Option title="libsvo" />
		<Option execution_dir="/home/otaco/Desktop/gloost_svn_prep/svo/libsvo/codeblocks/" />
		<Option pch_mode="2" />
		<Option compiler="gcc" />
		<Build>
			<Target title="Release">
				<Option output="../lib/libsvo" prefix_auto="1" extension_auto="1" />
				<Option working_dir="" />
				<Option object_output="../o_files/release" />
				<Option external_deps="../../../gloost/gnulinux/bin/libgloost.a;../../../gloost/gnulinux/bin/libtinyxml.a;" />
				<Option type="2" />
				<Option compiler="gcc" />
				<Compiler>
					<Add option="-fexpensive-optimizations" />
					<Add option="-Os" />
					<Add option="-O3" />
					<Add option="-O2" />
					<Add option="-O1" />
					<Add option="-O" />
					<Add option="-Wall" />
					<Add option="-W" />
				</Compiler>
				<Linker>
					<Add option="-s" />
					<Add library="gloost" />
					<Add library="tinyxml" />
				</Linker>
			</Target>
			<Target title="Debug">
				<Option output="../lib/libsvo_db" prefix_auto="1" extension_auto="1" />
				<Option working_dir="" />
				<Option object_output="../o_files/debug" />
				<Option external_deps="../../../gloost/gnulinux/bin/libgloost.a;../../../gloost/gnulinux/bin/libtinyxml.a;" />
				<Option type="2" />
				<Option compiler="gcc" />
				<Compiler>
					<Add option="-Wall" />
					<Add option="-W" />
				</Compiler>
				<Linker>
					<Add library="gloost_db" />
				</Linker>
			</Target>
		</Build>
		<Compiler>
			<Add option="-Wall" />
			<Add option="-fexceptions" />
			<Add option="-std=gnu++0x" />
			<Add option="-DGLOOST_GNULINUX" />
			<Add directory="../../src" />
			<Add directory="../../../gloost/src" />
		</Compiler>
		<Linker>
			<Add library="GL" />
			<Add library="GLEW" />
			<Add library="glut" />
			<Add library="GLU" />
			<Add library="boost_thread" />
			<Add directory="../../../gloost/gnulinux/bin" />
		</Linker>
		<Unit filename="../../data/shaders/color_only.fs" />
		<Unit filename="../../data/shaders/color_only.vs" />
		<Unit filename="../../data/shaders/envmap_and_material.fs" />
		<Unit filename="../../data/shaders/envmap_and_material.vs" />
		<Unit filename="../../data/shaders/material_phong_vbo.fs" />
		<Unit filename="../../data/shaders/material_phong_vbo.vs" />
		<Unit filename="../../data/shaders/meshlab_zbrush.fs" />
		<Unit filename="../../data/shaders/meshlab_zbrush.vs" />
		<Unit filename="../../data/shaders/showSvoTexture.fs" />
		<Unit filename="../../data/shaders/showSvoTexture.vs" />
		<Unit filename="../../data/shaders/simpleFragmentShader.fs" />
		<Unit filename="../../data/shaders/simpleVertexShader.vs" />
		<Unit filename="../../src/BitMask8.cpp" />
		<Unit filename="../../src/BitMask8.h" />
		<Unit filename="../../src/BuilderTriangleFace.cpp" />
		<Unit filename="../../src/BuilderTriangleFace.h" />
		<Unit filename="../../src/CpuRaycasterSingleRay.cpp" />
		<Unit filename="../../src/CpuRaycasterSingleRay.h" />
		<Unit filename="../../src/ImageToPointcloud.cpp" />
		<Unit filename="../../src/ImageToPointcloud.h" />
		<Unit filename="../../src/Svo.cpp" />
		<Unit filename="../../src/Svo.h" />
		<Unit filename="../../src/SvoBuilderFaces.cpp" />
		<Unit filename="../../src/SvoBuilderFaces.h" />
		<Unit filename="../../src/SvoBuilderHeightmap.cpp" />
		<Unit filename="../../src/SvoBuilderHeightmap.h" />
		<Unit filename="../../src/SvoBuilderVertices.cpp" />
		<Unit filename="../../src/SvoBuilderVertices.h" />
		<Unit filename="../../src/SvoNode.cpp" />
		<Unit filename="../../src/SvoNode.h" />
		<Unit filename="../../src/SvoVisualizer.cpp" />
		<Unit filename="../../src/SvoVisualizer.h" />
		<Unit filename="../../src/attribute_generators/Ag_colorAndNormalsFromTextures.cpp" />
		<Unit filename="../../src/attribute_generators/Ag_colorAndNormalsFromTextures.h" />
		<Unit filename="../../src/attribute_generators/Ag_colorAndNormalsTriangles.cpp" />
		<Unit filename="../../src/attribute_generators/Ag_colorAndNormalsTriangles.h" />
		<Unit filename="../../src/attribute_generators/AttributeGenerator.cpp" />
		<Unit filename="../../src/attribute_generators/AttributeGenerator.h" />
		<Unit filename="../../src/trinangleAABBIntersect.h" />
		<Extensions>
			<code_completion />
			<debugger />
			<envvars />
			<lib_finder>
				<lib name="glew" />
			</lib_finder>
		</Extensions>
	</Project>
</CodeBlocks_project_file>
