<?xml version="1.0" encoding="UTF-8" standalone="yes" ?>
<CodeBlocks_project_file>
	<FileVersion major="1" minor="6" />
	<Project>
		<Option title="octree_builder" />
		<Option pch_mode="2" />
		<Option compiler="gcc" />
		<Build>
			<Target title="Release">
				<Option output="../../../bin/octree_builder" prefix_auto="1" extension_auto="1" />
				<Option working_dir="../../../bin" />
				<Option object_output="../o_files/release" />
				<Option external_deps="../../../libsvo/lib/libsvo.a;../../../../gloost/gnulinux/bin/libgloost.a;" />
				<Option type="1" />
				<Option compiler="gcc" />
				<Option use_console_runner="0" />
				<Compiler>
					<Add option="-fexpensive-optimizations" />
					<Add option="-Os" />
					<Add option="-O3" />
					<Add option="-O2" />
					<Add option="-O1" />
					<Add option="-O" />
					<Add option="-Wall" />
					<Add option="-W" />
					<Add option="-fopenmp" />
				</Compiler>
				<Linker>
					<Add option="-s" />
					<Add library="libsvo" />
					<Add library="gloost" />
					<Add library="GL" />
					<Add library="GLEW" />
					<Add library="glfw" />
					<Add library="GLU" />
					<Add library="libtinyxml" />
					<Add library="freeimage" />
					<Add library="boost_thread" />
					<Add library="/usr/lib/x86_64-linux-gnu/libgomp.so.1" />
				</Linker>
			</Target>
			<Target title="Debug">
				<Option output="../../../bin/octree_builder_db" prefix_auto="1" extension_auto="1" />
				<Option working_dir="../../../bin" />
				<Option object_output="../o_files/debug" />
				<Option external_deps="../../../libsvo/lib/libsvo_db.a;../../../../gloost/gnulinux/bin/libgloost_db.a;" />
				<Option type="1" />
				<Option compiler="gcc" />
				<Option parameters="-o /home/otaco/Desktop/SVO_DATA/ -i /home/otaco/Desktop/ply/flunder.ply -s 1 -d 8" />
				<Compiler>
					<Add option="-fexpensive-optimizations" />
					<Add option="-Os" />
					<Add option="-O3" />
					<Add option="-O2" />
					<Add option="-O1" />
					<Add option="-O" />
					<Add option="-Wall" />
					<Add option="-W" />
					<Add option="-fopenmp" />
				</Compiler>
				<Linker>
					<Add library="libsvo_db" />
					<Add library="gloost_db" />
					<Add library="GL" />
					<Add library="GLEW" />
					<Add library="glfw" />
					<Add library="GLU" />
					<Add library="libtinyxml" />
					<Add library="freeimage" />
					<Add library="boost_thread" />
					<Add library="/usr/lib/x86_64-linux-gnu/libgomp.so.1" />
				</Linker>
			</Target>
		</Build>
		<Compiler>
			<Add option="-std=c++11" />
			<Add option="-Wall" />
			<Add option="-fexceptions" />
			<Add option="-fopenmp" />
			<Add option="-DGLOOST_GNULINUX" />
			<Add directory="../src" />
			<Add directory="../../../src" />
			<Add directory="../../../../gloost/src" />
		</Compiler>
		<Linker>
			<Add directory="../../../../gloost/gnulinux/bin" />
			<Add directory="../../../libsvo/lib" />
		</Linker>
		<Unit filename="../src/octree_builder.cpp" />
		<Extensions>
			<code_completion />
			<debugger />
			<envvars />
			<lib_finder>
				<lib name="glew" />
			</lib_finder>
			<DoxyBlocks>
				<comment_style block="0" line="0" />
				<doxyfile_project />
				<doxyfile_build />
				<doxyfile_warnings />
				<doxyfile_output />
				<doxyfile_dot />
				<general />
			</DoxyBlocks>
		</Extensions>
	</Project>
</CodeBlocks_project_file>
